#
# This file is autogenerated by pip-compile with Python 3.12
# by the following command:
#
#    pip-compile --generate-hashes --output-file=requirements.lock --strip-extras pyproject.toml
#
antlr4-python3-runtime==4.13.2 \
    --hash=sha256:909b647e1d2fc2b70180ac586df3933e38919c85f98ccc656a96cd3f25ef3916 \
    --hash=sha256:fe3835eb8d33daece0e799090eda89719dbccee7aa39ef94eed3818cafa5a7e8
    # via Lockstep (pyproject.toml)
llvmlite==0.43.0 \
    --hash=sha256:14f0e4bf2fd2d9a75a3534111e8ebeb08eda2f33e9bdd6dfa13282afacdde0ed \
    --hash=sha256:18e9953c748b105668487b7c81a3e97b046d8abf95c4ddc0cd3c94f4e4651ae8 \
    --hash=sha256:35d80d61d0cda2d767f72de99450766250560399edc309da16937b93d3b676e7 \
    --hash=sha256:3e8d0618cb9bfe40ac38a9633f2493d4d4e9fcc2f438d39a4e854f39cc0f5f98 \
    --hash=sha256:47e147cdda9037f94b399bf03bfd8a6b6b1f2f90be94a454e3386f006455a9b4 \
    --hash=sha256:6912a87782acdff6eb8bf01675ed01d60ca1f2551f8176a300a886f09e836a6a \
    --hash=sha256:6d4fd101f571a31acb1559ae1af30f30b1dc4b3186669f92ad780e17c81e91bc \
    --hash=sha256:74937acd22dc11b33946b67dca7680e6d103d6e90eeaaaf932603bec6fe7b03a \
    --hash=sha256:7a2872ee80dcf6b5dbdc838763d26554c2a18aa833d31a2635bff16aafefb9c9 \
    --hash=sha256:7d434ec7e2ce3cc8f452d1cd9a28591745de022f931d67be688a737320dfcead \
    --hash=sha256:977525a1e5f4059316b183fb4fd34fa858c9eade31f165427a3977c95e3ee749 \
    --hash=sha256:9cd2a7376f7b3367019b664c21f0c61766219faa3b03731113ead75107f3b66c \
    --hash=sha256:a289af9a1687c6cf463478f0fa8e8aa3b6fb813317b0d70bf1ed0759eab6f761 \
    --hash=sha256:ae2b5b5c3ef67354824fb75517c8db5fbe93bc02cd9671f3c62271626bc041d5 \
    --hash=sha256:bc9efc739cc6ed760f795806f67889923f7274276f0eb45092a1473e40d9b867 \
    --hash=sha256:c1da416ab53e4f7f3bc8d4eeba36d801cc1894b9fbfbf2022b29b6bad34a7df2 \
    --hash=sha256:d5bd550001d26450bd90777736c69d68c487d17bf371438f975229b2b8241a91 \
    --hash=sha256:df6509e1507ca0760787a199d19439cc887bfd82226f5af746d6977bd9f66844 \
    --hash=sha256:e0a9a1a39d4bf3517f2af9d23d479b4175ead205c592ceeb8b89af48a327ea57 \
    --hash=sha256:eccce86bba940bae0d8d48ed925f21dbb813519169246e2ab292b5092aba121f \
    --hash=sha256:f99b600aa7f65235a5a05d0b9a9f31150c390f31261f2a0ba678e26823ec38f7
    # via Lockstep (pyproject.toml)
