# This file was autogenerated by uv via the following command:
#    uv pip compile --universal --python-version 3.10 --generate-hashes --extra lsp --output-file requirements-lsp.lock pyproject.toml
antlr4-python3-runtime==4.13.2 \
    --hash=sha256:909b647e1d2fc2b70180ac586df3933e38919c85f98ccc656a96cd3f25ef3916 \
    --hash=sha256:fe3835eb8d33daece0e799090eda89719dbccee7aa39ef94eed3818cafa5a7e8
    # via lockstep (pyproject.toml)
attrs==26.1.0 \
    --hash=sha256:c647aa4a12dfbad9333ca4e71fe62ddc36f4e63b2d260a37a8b83d2f043ac309 \
    --hash=sha256:d03ceb89cb322a8fd706d4fb91940737b6642aa36998fe130a9bc96c985eff32
    # via
    #   cattrs
    #   lsprotocol
    #   pygls
cattrs==26.1.0 \
    --hash=sha256:d1e0804c42639494d469d08d4f26d6b9de9b8ab26b446db7b5f8c2e97f7c3096 \
    --hash=sha256:fa239e0f0ec0715ba34852ce813986dfed1e12117e209b816ab87401271cdd40
    # via
    #   lsprotocol
    #   pygls
exceptiongroup==1.3.1 ; python_full_version < '3.11' \
    --hash=sha256:8b412432c6055b0b7d14c310000ae93352ed6754f70fa8f7c34141f91c4e3219 \
    --hash=sha256:a7a39a3bd276781e98394987d3a5701d0c4edffb633bb7a5144577f82c773598
    # via cattrs
llvmlite==0.43.0 \
    --hash=sha256:14f0e4bf2fd2d9a75a3534111e8ebeb08eda2f33e9bdd6dfa13282afacdde0ed \
    --hash=sha256:18e9953c748b105668487b7c81a3e97b046d8abf95c4ddc0cd3c94f4e4651ae8 \
    --hash=sha256:35d80d61d0cda2d767f72de99450766250560399edc309da16937b93d3b676e7 \
    --hash=sha256:3e8d0618cb9bfe40ac38a9633f2493d4d4e9fcc2f438d39a4e854f39cc0f5f98 \
    --hash=sha256:47e147cdda9037f94b399bf03bfd8a6b6b1f2f90be94a454e3386f006455a9b4 \
    --hash=sha256:6912a87782acdff6eb8bf01675ed01d60ca1f2551f8176a300a886f09e836a6a \
    --hash=sha256:6d4fd101f571a31acb1559ae1af30f30b1dc4b3186669f92ad780e17c81e91bc \
    --hash=sha256:74937acd22dc11b33946b67dca7680e6d103d6e90eeaaaf932603bec6fe7b03a \
    --hash=sha256:7a2872ee80dcf6b5dbdc838763d26554c2a18aa833d31a2635bff16aafefb9c9 \
    --hash=sha256:7d434ec7e2ce3cc8f452d1cd9a28591745de022f931d67be688a737320dfcead \
    --hash=sha256:977525a1e5f4059316b183fb4fd34fa858c9eade31f165427a3977c95e3ee749 \
    --hash=sha256:9cd2a7376f7b3367019b664c21f0c61766219faa3b03731113ead75107f3b66c \
    --hash=sha256:a289af9a1687c6cf463478f0fa8e8aa3b6fb813317b0d70bf1ed0759eab6f761 \
    --hash=sha256:ae2b5b5c3ef67354824fb75517c8db5fbe93bc02cd9671f3c62271626bc041d5 \
    --hash=sha256:bc9efc739cc6ed760f795806f67889923f7274276f0eb45092a1473e40d9b867 \
    --hash=sha256:c1da416ab53e4f7f3bc8d4eeba36d801cc1894b9fbfbf2022b29b6bad34a7df2 \
    --hash=sha256:d5bd550001d26450bd90777736c69d68c487d17bf371438f975229b2b8241a91 \
    --hash=sha256:df6509e1507ca0760787a199d19439cc887bfd82226f5af746d6977bd9f66844 \
    --hash=sha256:e0a9a1a39d4bf3517f2af9d23d479b4175ead205c592ceeb8b89af48a327ea57 \
    --hash=sha256:eccce86bba940bae0d8d48ed925f21dbb813519169246e2ab292b5092aba121f \
    --hash=sha256:f99b600aa7f65235a5a05d0b9a9f31150c390f31261f2a0ba678e26823ec38f7
    # via lockstep (pyproject.toml)
lsprotocol==2025.0.0 \
    --hash=sha256:e879da2b9301e82cfc3e60d805630487ac2f7ab17492f4f5ba5aaba94fe56c29 \
    --hash=sha256:f9d78f25221f2a60eaa4a96d3b4ffae011b107537facee61d3da3313880995c7
    # via
    #   lockstep (pyproject.toml)
    #   pygls
pygls==2.1.1 \
    --hash=sha256:1da03ba9053201bb337dcdd8d121df70feb2a91e1a0dcc74de5da79755b1a201 \
    --hash=sha256:510a6dea2476177230c7d851125e5948efdf3fdb9ebfd8543fc434972f8faed4
    # via lockstep (pyproject.toml)
typing-extensions==4.15.0 \
    --hash=sha256:0cea48d173cc12fa28ecabc3b837ea3cf6f38c6d1136f85cbaaf598984861466 \
    --hash=sha256:f0fa19c6845758ab08074a0cfa8b7aecb71c999ca73d62883bc25cc018c4e548
    # via
    #   cattrs
    #   exceptiongroup
